
Microsoft Visual Studio Solution File, Format Version 12.00
# Visual Studio Version 17
VisualStudioVersion = 17.0.31912.275
MinimumVisualStudioVersion = 10.0.40219.1
Project("{9A19103F-16F7-4668-BE54-9A1E7A4F7556}") = "API", "API\API.csproj", "{1AAFCF9B-E256-4887-A363-83FE9BFDD677}"
EndProject
Project("{9A19103F-16F7-4668-BE54-9A1E7A4F7556}") = "Domain", "Domain\Domain.csproj", "{390B8CFF-35AE-4A68-9650-53B5D5A683F2}"
EndProject
Project("{9A19103F-16F7-4668-BE54-9A1E7A4F7556}") = "Application", "Application\Application.csproj", "{C8B6F9E2-ED75-442C-92E9-250DEF31F475}"
EndProject
Project("{9A19103F-16F7-4668-BE54-9A1E7A4F7556}") = "Persistence", "Persistence\Persistence.csproj", "{F381C43D-B8CC-4649-9151-C6D78ED804A1}"
EndProject
Project("{FAE04EC0-301F-11D3-BF4B-00C04F79EFBC}") = "Infrastructure", "Infrastructure\Infrastructure.csproj", "{21C817C6-3D16-4C1F-8474-FBDD8994A334}"
EndProject
Global
	GlobalSection(SolutionConfigurationPlatforms) = preSolution
		Debug|Any CPU = Debug|Any CPU
		Release|Any CPU = Release|Any CPU
	EndGlobalSection
	GlobalSection(ProjectConfigurationPlatforms) = postSolution
		{1AAFCF9B-E256-4887-A363-83FE9BFDD677}.Debug|Any CPU.ActiveCfg = Debug|Any CPU
		{1AAFCF9B-E256-4887-A363-83FE9BFDD677}.Debug|Any CPU.Build.0 = Debug|Any CPU
		{1AAFCF9B-E256-4887-A363-83FE9BFDD677}.Release|Any CPU.ActiveCfg = Release|Any CPU
		{1AAFCF9B-E256-4887-A363-83FE9BFDD677}.Release|Any CPU.Build.0 = Release|Any CPU
		{390B8CFF-35AE-4A68-9650-53B5D5A683F2}.Debug|Any CPU.ActiveCfg = Debug|Any CPU
		{390B8CFF-35AE-4A68-9650-53B5D5A683F2}.Debug|Any CPU.Build.0 = Debug|Any CPU
		{390B8CFF-35AE-4A68-9650-53B5D5A683F2}.Release|Any CPU.ActiveCfg = Release|Any CPU
		{390B8CFF-35AE-4A68-9650-53B5D5A683F2}.Release|Any CPU.Build.0 = Release|Any CPU
		{C8B6F9E2-ED75-442C-92E9-250DEF31F475}.Debug|Any CPU.ActiveCfg = Debug|Any CPU
		{C8B6F9E2-ED75-442C-92E9-250DEF31F475}.Debug|Any CPU.Build.0 = Debug|Any CPU
		{C8B6F9E2-ED75-442C-92E9-250DEF31F475}.Release|Any CPU.ActiveCfg = Release|Any CPU
		{C8B6F9E2-ED75-442C-92E9-250DEF31F475}.Release|Any CPU.Build.0 = Release|Any CPU
		{F381C43D-B8CC-4649-9151-C6D78ED804A1}.Debug|Any CPU.ActiveCfg = Debug|Any CPU
		{F381C43D-B8CC-4649-9151-C6D78ED804A1}.Debug|Any CPU.Build.0 = Debug|Any CPU
		{F381C43D-B8CC-4649-9151-C6D78ED804A1}.Release|Any CPU.ActiveCfg = Release|Any CPU
		{F381C43D-B8CC-4649-9151-C6D78ED804A1}.Release|Any CPU.Build.0 = Release|Any CPU
		{21C817C6-3D16-4C1F-8474-FBDD8994A334}.Debug|Any CPU.ActiveCfg = Debug|Any CPU
		{21C817C6-3D16-4C1F-8474-FBDD8994A334}.Debug|Any CPU.Build.0 = Debug|Any CPU
		{21C817C6-3D16-4C1F-8474-FBDD8994A334}.Release|Any CPU.ActiveCfg = Release|Any CPU
		{21C817C6-3D16-4C1F-8474-FBDD8994A334}.Release|Any CPU.Build.0 = Release|Any CPU
	EndGlobalSection
	GlobalSection(SolutionProperties) = preSolution
		HideSolutionNode = FALSE
	EndGlobalSection
	GlobalSection(ExtensibilityGlobals) = postSolution
		SolutionGuid = {FBACED96-CF07-4675-BD68-598F9B41AB2D}
	EndGlobalSection
EndGlobal
